
Microsoft Visual Studio Solution File, Format Version 12.00
# Visual Studio Version 16
VisualStudioVersion = 16.0.29911.84
MinimumVisualStudioVersion = 10.0.40219.1
Project("{FAE04EC0-301F-11D3-BF4B-00C04F79EFBC}") = "PFCWebPanel", "PFCWebPanel\PFCWebPanel.csproj", "{689FA0CD-293D-4C19-80B4-D849ED4146E4}"
EndProject
Global
	GlobalSection(SolutionConfigurationPlatforms) = preSolution
		Debug|Any CPU = Debug|Any CPU
		Release|Any CPU = Release|Any CPU
	EndGlobalSection
	GlobalSection(ProjectConfigurationPlatforms) = postSolution
		{689FA0CD-293D-4C19-80B4-D849ED4146E4}.Debug|Any CPU.ActiveCfg = Debug|Any CPU
		{689FA0CD-293D-4C19-80B4-D849ED4146E4}.Debug|Any CPU.Build.0 = Debug|Any CPU
		{689FA0CD-293D-4C19-80B4-D849ED4146E4}.Release|Any CPU.ActiveCfg = Release|Any CPU
		{689FA0CD-293D-4C19-80B4-D849ED4146E4}.Release|Any CPU.Build.0 = Release|Any CPU
	EndGlobalSection
	GlobalSection(SolutionProperties) = preSolution
		HideSolutionNode = FALSE
	EndGlobalSection
	GlobalSection(ExtensibilityGlobals) = postSolution
		SolutionGuid = {17B1D4EA-7B75-4113-B666-BF4ADD6B7321}
	EndGlobalSection
EndGlobal
